{
  "lib/contracts": {
    "tag": {
      "name": "v2.5.7",
      "rev": "d0ef0c09658e2a194efbff920582e10e467961ae"
    }
  },
  "lib/forge-std": {
    "tag": {
      "name": "v1.15.0",
      "rev": "0844d7e1fc5e60d77b68e469bff60265f236c398"
    }
  },
  "lib/openzeppelin-contracts-upgradeable": {
    "tag": {
      "name": "v5.5.0",
      "rev": "aa677e9d28ed78fc427ec47ba2baef2030c58e7c"
    }
  },
  "lib/openzeppelin-foundry-upgrades": {
    "tag": {
      "name": "v0.4.0",
      "rev": "cbce1e00305e943aa1661d43f41e5ac72c662b07"
    }
  },
  "lib/solidity-bytes-utils": {
    "tag": {
      "name": "v0.8.4",
      "rev": "f4413cd6137b78403e3a1156bee6aceab46b46fa"
    }
  }
}